Microsoft Visual Studio Solution File, Format Version 12.00
# Visual Studio Version 17
VisualStudioVersion = 17.0.31903.59
MinimumVisualStudioVersion = 10.0.40219.1
Project("{FAE04EC0-301F-11D3-BF4B-00C04F79EFBC}") = "TabletHelper", "TabletHelper.csproj", "{B2C86238-D182-4FBD-94ED-2854F2616419}"
EndProject
Global
	GlobalSection(SolutionConfigurationPlatforms) = preSolution
		Debug|Any CPU = Debug|Any CPU
		Release|Any CPU = Release|Any CPU
	EndGlobalSection
	GlobalSection(ProjectConfigurationPlatforms) = postSolution
		{B2C86238-D182-4FBD-94ED-2854F2616419}.Debug|Any CPU.ActiveCfg = Debug|Any CPU
		{B2C86238-D182-4FBD-94ED-2854F2616419}.Debug|Any CPU.Build.0 = Debug|Any CPU
		{B2C86238-D182-4FBD-94ED-2854F2616419}.Release|Any CPU.ActiveCfg = Release|Any CPU
		{B2C86238-D182-4FBD-94ED-2854F2616419}.Release|Any CPU.Build.0 = Release|Any CPU
	EndGlobalSection
EndGlobal
